
Microsoft Visual Studio Solution File, Format Version 12.00
# Visual Studio Version 17
VisualStudioVersion = 17.1.32414.318
MinimumVisualStudioVersion = 10.0.40219.1
Project("{FAE04EC0-301F-11D3-BF4B-00C04F79EFBC}") = "ShortCourseTraining", "ShortCourseTraining.csproj", "{B298FBDF-8ACC-44F5-9FC3-AA2BD6301A40}"
EndProject
Global
	GlobalSection(SolutionConfigurationPlatforms) = preSolution
		Debug|Any CPU = Debug|Any CPU
		Release|Any CPU = Release|Any CPU
	EndGlobalSection
	GlobalSection(ProjectConfigurationPlatforms) = postSolution
		{B298FBDF-8ACC-44F5-9FC3-AA2BD6301A40}.Debug|Any CPU.ActiveCfg = Debug|Any CPU
		{B298FBDF-8ACC-44F5-9FC3-AA2BD6301A40}.Debug|Any CPU.Build.0 = Debug|Any CPU
		{B298FBDF-8ACC-44F5-9FC3-AA2BD6301A40}.Release|Any CPU.ActiveCfg = Release|Any CPU
		{B298FBDF-8ACC-44F5-9FC3-AA2BD6301A40}.Release|Any CPU.Build.0 = Release|Any CPU
	EndGlobalSection
	GlobalSection(SolutionProperties) = preSolution
		HideSolutionNode = FALSE
	EndGlobalSection
	GlobalSection(ExtensibilityGlobals) = postSolution
		SolutionGuid = {920E2519-7BA9-4009-95CB-B206CBBE7392}
	EndGlobalSection
EndGlobal
